
Microsoft Visual Studio Solution File, Format Version 12.00
# Visual Studio Version 17
VisualStudioVersion = 17.0.32014.148
MinimumVisualStudioVersion = 10.0.40219.1
Project("{FAE04EC0-301F-11D3-BF4B-00C04F79EFBC}") = "Ex014", "Ex014\Ex014.csproj", "{FE9D8EC0-1E7D-4751-8717-7C7E937D69C6}"
EndProject
Global
	GlobalSection(SolutionConfigurationPlatforms) = preSolution
		Debug|Any CPU = Debug|Any CPU
		Release|Any CPU = Release|Any CPU
	EndGlobalSection
	GlobalSection(ProjectConfigurationPlatforms) = postSolution
		{FE9D8EC0-1E7D-4751-8717-7C7E937D69C6}.Debug|Any CPU.ActiveCfg = Debug|Any CPU
		{FE9D8EC0-1E7D-4751-8717-7C7E937D69C6}.Debug|Any CPU.Build.0 = Debug|Any CPU
		{FE9D8EC0-1E7D-4751-8717-7C7E937D69C6}.Release|Any CPU.ActiveCfg = Release|Any CPU
		{FE9D8EC0-1E7D-4751-8717-7C7E937D69C6}.Release|Any CPU.Build.0 = Release|Any CPU
	EndGlobalSection
	GlobalSection(SolutionProperties) = preSolution
		HideSolutionNode = FALSE
	EndGlobalSection
	GlobalSection(ExtensibilityGlobals) = postSolution
		SolutionGuid = {6282272C-4240-434F-8C54-609500CCAAC3}
	EndGlobalSection
EndGlobal
