
Microsoft Visual Studio Solution File, Format Version 12.00
# Visual Studio Version 17
VisualStudioVersion = 17.0.32014.148
MinimumVisualStudioVersion = 10.0.40219.1
Project("{FAE04EC0-301F-11D3-BF4B-00C04F79EFBC}") = "Prjct006", "Prjct006\Prjct006.csproj", "{DD0CEB9D-6070-4FA8-82FA-579E4E5EE0ED}"
EndProject
Global
	GlobalSection(SolutionConfigurationPlatforms) = preSolution
		Debug|Any CPU = Debug|Any CPU
		Release|Any CPU = Release|Any CPU
	EndGlobalSection
	GlobalSection(ProjectConfigurationPlatforms) = postSolution
		{DD0CEB9D-6070-4FA8-82FA-579E4E5EE0ED}.Debug|Any CPU.ActiveCfg = Debug|Any CPU
		{DD0CEB9D-6070-4FA8-82FA-579E4E5EE0ED}.Debug|Any CPU.Build.0 = Debug|Any CPU
		{DD0CEB9D-6070-4FA8-82FA-579E4E5EE0ED}.Release|Any CPU.ActiveCfg = Release|Any CPU
		{DD0CEB9D-6070-4FA8-82FA-579E4E5EE0ED}.Release|Any CPU.Build.0 = Release|Any CPU
	EndGlobalSection
	GlobalSection(SolutionProperties) = preSolution
		HideSolutionNode = FALSE
	EndGlobalSection
	GlobalSection(ExtensibilityGlobals) = postSolution
		SolutionGuid = {AE56A846-E7E1-4497-92C8-324097C562B5}
	EndGlobalSection
EndGlobal
