
Microsoft Visual Studio Solution File, Format Version 12.00
# Visual Studio Version 17
VisualStudioVersion = 17.0.32014.148
MinimumVisualStudioVersion = 10.0.40219.1
Project("{FAE04EC0-301F-11D3-BF4B-00C04F79EFBC}") = "Prjct003", "Prjct003\Prjct003.csproj", "{AEA83243-019A-4090-BA3F-9DCA020B0CD5}"
EndProject
Global
	GlobalSection(SolutionConfigurationPlatforms) = preSolution
		Debug|Any CPU = Debug|Any CPU
		Release|Any CPU = Release|Any CPU
	EndGlobalSection
	GlobalSection(ProjectConfigurationPlatforms) = postSolution
		{AEA83243-019A-4090-BA3F-9DCA020B0CD5}.Debug|Any CPU.ActiveCfg = Debug|Any CPU
		{AEA83243-019A-4090-BA3F-9DCA020B0CD5}.Debug|Any CPU.Build.0 = Debug|Any CPU
		{AEA83243-019A-4090-BA3F-9DCA020B0CD5}.Release|Any CPU.ActiveCfg = Release|Any CPU
		{AEA83243-019A-4090-BA3F-9DCA020B0CD5}.Release|Any CPU.Build.0 = Release|Any CPU
	EndGlobalSection
	GlobalSection(SolutionProperties) = preSolution
		HideSolutionNode = FALSE
	EndGlobalSection
	GlobalSection(ExtensibilityGlobals) = postSolution
		SolutionGuid = {C07BA4F1-DD9D-4292-9E3D-F07DC5D09B7F}
	EndGlobalSection
EndGlobal
