
Microsoft Visual Studio Solution File, Format Version 12.00
# Visual Studio Version 17
VisualStudioVersion = 17.0.32014.148
MinimumVisualStudioVersion = 10.0.40219.1
Project("{FAE04EC0-301F-11D3-BF4B-00C04F79EFBC}") = "Prjct002", "Prjct002\Prjct002.csproj", "{61103AC9-5A48-4860-8340-94835667C783}"
EndProject
Global
	GlobalSection(SolutionConfigurationPlatforms) = preSolution
		Debug|Any CPU = Debug|Any CPU
		Release|Any CPU = Release|Any CPU
	EndGlobalSection
	GlobalSection(ProjectConfigurationPlatforms) = postSolution
		{61103AC9-5A48-4860-8340-94835667C783}.Debug|Any CPU.ActiveCfg = Debug|Any CPU
		{61103AC9-5A48-4860-8340-94835667C783}.Debug|Any CPU.Build.0 = Debug|Any CPU
		{61103AC9-5A48-4860-8340-94835667C783}.Release|Any CPU.ActiveCfg = Release|Any CPU
		{61103AC9-5A48-4860-8340-94835667C783}.Release|Any CPU.Build.0 = Release|Any CPU
	EndGlobalSection
	GlobalSection(SolutionProperties) = preSolution
		HideSolutionNode = FALSE
	EndGlobalSection
	GlobalSection(ExtensibilityGlobals) = postSolution
		SolutionGuid = {46DBE4E8-A5FA-43C1-946D-4A75767718EC}
	EndGlobalSection
EndGlobal
